// !$*UTF8*$!
{
	archiveVersion = 1;
	classes = {
	};
	objectVersion = 46;
	objects = {

/* Begin PBXBuildFile section */
		4533BD311C4CB91C0027DC37 /* main.m in Sources */ = {isa = PBXBuildFile; fileRef = 4533BD301C4CB91C0027DC37 /* main.m */; };
		4533BD341C4CB91C0027DC37 /* AppDelegate.m in Sources */ = {isa = PBXBuildFile; fileRef = 4533BD331C4CB91C0027DC37 /* AppDelegate.m */; };
		4533BD371C4CB91C0027DC37 /* ViewController.m in Sources */ = {isa = PBXBuildFile; fileRef = 4533BD361C4CB91C0027DC37 /* ViewController.m */; };
		4533BD3A1C4CB91C0027DC37 /* Main.storyboard in Resources */ = {isa = PBXBuildFile; fileRef = 4533BD381C4CB91C0027DC37 /* Main.storyboard */; };
		4533BD3D1C4CB91C0027DC37 /* SimpleCoreData.xcdatamodeld in Sources */ = {isa = PBXBuildFile; fileRef = 4533BD3B1C4CB91C0027DC37 /* SimpleCoreData.xcdatamodeld */; };
		4533BD3F1C4CB91C0027DC37 /* Assets.xcassets in Resources */ = {isa = PBXBuildFile; fileRef = 4533BD3E1C4CB91C0027DC37 /* Assets.xcassets */; };
		4533BD421C4CB91C0027DC37 /* LaunchScreen.storyboard in Resources */ = {isa = PBXBuildFile; fileRef = 4533BD401C4CB91C0027DC37 /* LaunchScreen.storyboard */; };
		4533BD551C4CBEA30027DC37 /* PersonMO+CoreDataProperties.m in Sources */ = {isa = PBXBuildFile; fileRef = 4533BD4A1C4CBEA30027DC37 /* PersonMO+CoreDataProperties.m */; };
		4533BD561C4CBEA30027DC37 /* PersonMO.m in Sources */ = {isa = PBXBuildFile; fileRef = 4533BD4C1C4CBEA30027DC37 /* PersonMO.m */; };
		4533BD571C4CBEA30027DC37 /* ChoreLogMO+CoreDataProperties.m in Sources */ = {isa = PBXBuildFile; fileRef = 4533BD4E1C4CBEA30027DC37 /* ChoreLogMO+CoreDataProperties.m */; };
		4533BD581C4CBEA30027DC37 /* ChoreLogMO.m in Sources */ = {isa = PBXBuildFile; fileRef = 4533BD501C4CBEA30027DC37 /* ChoreLogMO.m */; };
		4533BD591C4CBEA30027DC37 /* ChoreMO+CoreDataProperties.m in Sources */ = {isa = PBXBuildFile; fileRef = 4533BD521C4CBEA30027DC37 /* ChoreMO+CoreDataProperties.m */; };
		4533BD5A1C4CBEA30027DC37 /* ChoreMO.m in Sources */ = {isa = PBXBuildFile; fileRef = 4533BD541C4CBEA30027DC37 /* ChoreMO.m */; };
/* End PBXBuildFile section */

/* Begin PBXFileReference section */
		4533BD2C1C4CB91C0027DC37 /* SimpleCoreData.app */ = {isa = PBXFileReference; explicitFileType = wrapper.application; includeInIndex = 0; path = SimpleCoreData.app; sourceTree = BUILT_PRODUCTS_DIR; };
		4533BD301C4CB91C0027DC37 /* main.m */ = {isa = PBXFileReference; lastKnownFileType = sourcecode.c.objc; path = main.m; sourceTree = "<group>"; };
		4533BD321C4CB91C0027DC37 /* AppDelegate.h */ = {isa = PBXFileReference; lastKnownFileType = sourcecode.c.h; path = AppDelegate.h; sourceTree = "<group>"; };
		4533BD331C4CB91C0027DC37 /* AppDelegate.m */ = {isa = PBXFileReference; lastKnownFileType = sourcecode.c.objc; path = AppDelegate.m; sourceTree = "<group>"; };
		4533BD351C4CB91C0027DC37 /* ViewController.h */ = {isa = PBXFileReference; lastKnownFileType = sourcecode.c.h; path = ViewController.h; sourceTree = "<group>"; };
		4533BD361C4CB91C0027DC37 /* ViewController.m */ = {isa = PBXFileReference; lastKnownFileType = sourcecode.c.objc; path = ViewController.m; sourceTree = "<group>"; };
		4533BD391C4CB91C0027DC37 /* Base */ = {isa = PBXFileReference; lastKnownFileType = file.storyboard; name = Base; path = Base.lproj/Main.storyboard; sourceTree = "<group>"; };
		4533BD3C1C4CB91C0027DC37 /* SimpleCoreData.xcdatamodel */ = {isa = PBXFileReference; lastKnownFileType = wrapper.xcdatamodel; path = SimpleCoreData.xcdatamodel; sourceTree = "<group>"; };
		4533BD3E1C4CB91C0027DC37 /* Assets.xcassets */ = {isa = PBXFileReference; lastKnownFileType = folder.assetcatalog; path = Assets.xcassets; sourceTree = "<group>"; };
		4533BD411C4CB91C0027DC37 /* Base */ = {isa = PBXFileReference; lastKnownFileType = file.storyboard; name = Base; path = Base.lproj/LaunchScreen.storyboard; sourceTree = "<group>"; };
		4533BD431C4CB91C0027DC37 /* Info.plist */ = {isa = PBXFileReference; lastKnownFileType = text.plist.xml; path = Info.plist; sourceTree = "<group>"; };
		4533BD491C4CBEA30027DC37 /* PersonMO+CoreDataProperties.h */ = {isa = PBXFileReference; fileEncoding = 4; lastKnownFileType = sourcecode.c.h; path = "PersonMO+CoreDataProperties.h"; sourceTree = "<group>"; };
		4533BD4A1C4CBEA30027DC37 /* PersonMO+CoreDataProperties.m */ = {isa = PBXFileReference; fileEncoding = 4; lastKnownFileType = sourcecode.c.objc; path = "PersonMO+CoreDataProperties.m"; sourceTree = "<group>"; };
		4533BD4B1C4CBEA30027DC37 /* PersonMO.h */ = {isa = PBXFileReference; fileEncoding = 4; lastKnownFileType = sourcecode.c.h; path = PersonMO.h; sourceTree = "<group>"; };
		4533BD4C1C4CBEA30027DC37 /* PersonMO.m */ = {isa = PBXFileReference; fileEncoding = 4; lastKnownFileType = sourcecode.c.objc; path = PersonMO.m; sourceTree = "<group>"; };
		4533BD4D1C4CBEA30027DC37 /* ChoreLogMO+CoreDataProperties.h */ = {isa = PBXFileReference; fileEncoding = 4; lastKnownFileType = sourcecode.c.h; path = "ChoreLogMO+CoreDataProperties.h"; sourceTree = "<group>"; };
		4533BD4E1C4CBEA30027DC37 /* ChoreLogMO+CoreDataProperties.m */ = {isa = PBXFileReference; fileEncoding = 4; lastKnownFileType = sourcecode.c.objc; path = "ChoreLogMO+CoreDataProperties.m"; sourceTree = "<group>"; };
		4533BD4F1C4CBEA30027DC37 /* ChoreLogMO.h */ = {isa = PBXFileReference; fileEncoding = 4; lastKnownFileType = sourcecode.c.h; path = ChoreLogMO.h; sourceTree = "<group>"; };
		4533BD501C4CBEA30027DC37 /* ChoreLogMO.m */ = {isa = PBXFileReference; fileEncoding = 4; lastKnownFileType = sourcecode.c.objc; path = ChoreLogMO.m; sourceTree = "<group>"; };
		4533BD511C4CBEA30027DC37 /* ChoreMO+CoreDataProperties.h */ = {isa = PBXFileReference; fileEncoding = 4; lastKnownFileType = sourcecode.c.h; path = "ChoreMO+CoreDataProperties.h"; sourceTree = "<group>"; };
		4533BD521C4CBEA30027DC37 /* ChoreMO+CoreDataProperties.m */ = {isa = PBXFileReference; fileEncoding = 4; lastKnownFileType = sourcecode.c.objc; path = "ChoreMO+CoreDataProperties.m"; sourceTree = "<group>"; };
		4533BD531C4CBEA30027DC37 /* ChoreMO.h */ = {isa = PBXFileReference; fileEncoding = 4; lastKnownFileType = sourcecode.c.h; path = ChoreMO.h; sourceTree = "<group>"; };
		4533BD541C4CBEA30027DC37 /* ChoreMO.m */ = {isa = PBXFileReference; fileEncoding = 4; lastKnownFileType = sourcecode.c.objc; path = ChoreMO.m; sourceTree = "<group>"; };
/* End PBXFileReference section */

/* Begin PBXFrameworksBuildPhase section */
		4533BD291C4CB91C0027DC37 /* Frameworks */ = {
			isa = PBXFrameworksBuildPhase;
			buildActionMask = 2147483647;
			files = (
			);
			runOnlyForDeploymentPostprocessing = 0;
		};
/* End PBXFrameworksBuildPhase section */

/* Begin PBXGroup section */
		4533BD231C4CB91C0027DC37 = {
			isa = PBXGroup;
			children = (
				4533BD491C4CBEA30027DC37 /* PersonMO+CoreDataProperties.h */,
				4533BD4A1C4CBEA30027DC37 /* PersonMO+CoreDataProperties.m */,
				4533BD4B1C4CBEA30027DC37 /* PersonMO.h */,
				4533BD4C1C4CBEA30027DC37 /* PersonMO.m */,
				4533BD4D1C4CBEA30027DC37 /* ChoreLogMO+CoreDataProperties.h */,
				4533BD4E1C4CBEA30027DC37 /* ChoreLogMO+CoreDataProperties.m */,
				4533BD4F1C4CBEA30027DC37 /* ChoreLogMO.h */,
				4533BD501C4CBEA30027DC37 /* ChoreLogMO.m */,
				4533BD511C4CBEA30027DC37 /* ChoreMO+CoreDataProperties.h */,
				4533BD521C4CBEA30027DC37 /* ChoreMO+CoreDataProperties.m */,
				4533BD531C4CBEA30027DC37 /* ChoreMO.h */,
				4533BD541C4CBEA30027DC37 /* ChoreMO.m */,
				4533BD2E1C4CB91C0027DC37 /* SimpleCoreData */,
				4533BD2D1C4CB91C0027DC37 /* Products */,
			);
			sourceTree = "<group>";
		};
		4533BD2D1C4CB91C0027DC37 /* Products */ = {
			isa = PBXGroup;
			children = (
				4533BD2C1C4CB91C0027DC37 /* SimpleCoreData.app */,
			);
			name = Products;
			sourceTree = "<group>";
		};
		4533BD2E1C4CB91C0027DC37 /* SimpleCoreData */ = {
			isa = PBXGroup;
			children = (
				4533BD321C4CB91C0027DC37 /* AppDelegate.h */,
				4533BD331C4CB91C0027DC37 /* AppDelegate.m */,
				4533BD351C4CB91C0027DC37 /* ViewController.h */,
				4533BD361C4CB91C0027DC37 /* ViewController.m */,
				4533BD381C4CB91C0027DC37 /* Main.storyboard */,
				4533BD3E1C4CB91C0027DC37 /* Assets.xcassets */,
				4533BD401C4CB91C0027DC37 /* LaunchScreen.storyboard */,
				4533BD431C4CB91C0027DC37 /* Info.plist */,
				4533BD3B1C4CB91C0027DC37 /* SimpleCoreData.xcdatamodeld */,
				4533BD2F1C4CB91C0027DC37 /* Supporting Files */,
			);
			path = SimpleCoreData;
			sourceTree = "<group>";
		};
		4533BD2F1C4CB91C0027DC37 /* Supporting Files */ = {
			isa = PBXGroup;
			children = (
				4533BD301C4CB91C0027DC37 /* main.m */,
			);
			name = "Supporting Files";
			sourceTree = "<group>";
		};
/* End PBXGroup section */

/* Begin PBXNativeTarget section */
		4533BD2B1C4CB91C0027DC37 /* SimpleCoreData */ = {
			isa = PBXNativeTarget;
			buildConfigurationList = 4533BD461C4CB91C0027DC37 /* Build configuration list for PBXNativeTarget "SimpleCoreData" */;
			buildPhases = (
				4533BD281C4CB91C0027DC37 /* Sources */,
				4533BD291C4CB91C0027DC37 /* Frameworks */,
				4533BD2A1C4CB91C0027DC37 /* Resources */,
			);
			buildRules = (
			);
			dependencies = (
			);
			name = SimpleCoreData;
			productName = SimpleCoreData;
			productReference = 4533BD2C1C4CB91C0027DC37 /* SimpleCoreData.app */;
			productType = "com.apple.product-type.application";
		};
/* End PBXNativeTarget section */

/* Begin PBXProject section */
		4533BD241C4CB91C0027DC37 /* Project object */ = {
			isa = PBXProject;
			attributes = {
				LastUpgradeCheck = 0720;
				ORGANIZATIONNAME = "Daniel Kong";
				TargetAttributes = {
					4533BD2B1C4CB91C0027DC37 = {
						CreatedOnToolsVersion = 7.2;
					};
				};
			};
			buildConfigurationList = 4533BD271C4CB91C0027DC37 /* Build configuration list for PBXProject "SimpleCoreData" */;
			compatibilityVersion = "Xcode 3.2";
			developmentRegion = English;
			hasScannedForEncodings = 0;
			knownRegions = (
				en,
				Base,
			);
			mainGroup = 4533BD231C4CB91C0027DC37;
			productRefGroup = 4533BD2D1C4CB91C0027DC37 /* Products */;
			projectDirPath = "";
			projectRoot = "";
			targets = (
				4533BD2B1C4CB91C0027DC37 /* SimpleCoreData */,
			);
		};
/* End PBXProject section */

/* Begin PBXResourcesBuildPhase section */
		4533BD2A1C4CB91C0027DC37 /* Resources */ = {
			isa = PBXResourcesBuildPhase;
			buildActionMask = 2147483647;
			files = (
				4533BD421C4CB91C0027DC37 /* LaunchScreen.storyboard in Resources */,
				4533BD3F1C4CB91C0027DC37 /* Assets.xcassets in Resources */,
				4533BD3A1C4CB91C0027DC37 /* Main.storyboard in Resources */,
			);
			runOnlyForDeploymentPostprocessing = 0;
		};
/* End PBXResourcesBuildPhase section */

/* Begin PBXSourcesBuildPhase section */
		4533BD281C4CB91C0027DC37 /* Sources */ = {
			isa = PBXSourcesBuildPhase;
			buildActionMask = 2147483647;
			files = (
				4533BD3D1C4CB91C0027DC37 /* SimpleCoreData.xcdatamodeld in Sources */,
				4533BD371C4CB91C0027DC37 /* ViewController.m in Sources */,
				4533BD551C4CBEA30027DC37 /* PersonMO+CoreDataProperties.m in Sources */,
				4533BD571C4CBEA30027DC37 /* ChoreLogMO+CoreDataProperties.m in Sources */,
				4533BD341C4CB91C0027DC37 /* AppDelegate.m in Sources */,
				4533BD561C4CBEA30027DC37 /* PersonMO.m in Sources */,
				4533BD581C4CBEA30027DC37 /* ChoreLogMO.m in Sources */,
				4533BD5A1C4CBEA30027DC37 /* ChoreMO.m in Sources */,
				4533BD591C4CBEA30027DC37 /* ChoreMO+CoreDataProperties.m in Sources */,
				4533BD311C4CB91C0027DC37 /* main.m in Sources */,
			);
			runOnlyForDeploymentPostprocessing = 0;
		};
/* End PBXSourcesBuildPhase section */

/* Begin PBXVariantGroup section */
		4533BD381C4CB91C0027DC37 /* Main.storyboard */ = {
			isa = PBXVariantGroup;
			children = (
				4533BD391C4CB91C0027DC37 /* Base */,
			);
			name = Main.storyboard;
			sourceTree = "<group>";
		};
		4533BD401C4CB91C0027DC37 /* LaunchScreen.storyboard */ = {
			isa = PBXVariantGroup;
			children = (
				4533BD411C4CB91C0027DC37 /* Base */,
			);
			name = LaunchScreen.storyboard;
			sourceTree = "<group>";
		};
/* End PBXVariantGroup section */

/* Begin XCBuildConfiguration section */
		4533BD441C4CB91C0027DC37 /* Debug */ = {
			isa = XCBuildConfiguration;
			buildSettings = {
				ALWAYS_SEARCH_USER_PATHS = NO;
				CLANG_CXX_LANGUAGE_STANDARD = "gnu++0x";
				CLANG_CXX_LIBRARY = "libc++";
				CLANG_ENABLE_MODULES = YES;
				CLANG_ENABLE_OBJC_ARC = YES;
				CLANG_WARN_BOOL_CONVERSION = YES;
				CLANG_WARN_CONSTANT_CONVERSION = YES;
				CLANG_WARN_DIRECT_OBJC_ISA_USAGE = YES_ERROR;
				CLANG_WARN_EMPTY_BODY = YES;
				CLANG_WARN_ENUM_CONVERSION = YES;
				CLANG_WARN_INT_CONVERSION = YES;
				CLANG_WARN_OBJC_ROOT_CLASS = YES_ERROR;
				CLANG_WARN_UNREACHABLE_CODE = YES;
				CLANG_WARN__DUPLICATE_METHOD_MATCH = YES;
				"CODE_SIGN_IDENTITY[sdk=iphoneos*]" = "iPhone Developer";
				COPY_PHASE_STRIP = NO;
				DEBUG_INFORMATION_FORMAT = dwarf;
				ENABLE_STRICT_OBJC_MSGSEND = YES;
				ENABLE_TESTABILITY = YES;
				GCC_C_LANGUAGE_STANDARD = gnu99;
				GCC_DYNAMIC_NO_PIC = NO;
				GCC_NO_COMMON_BLOCKS = YES;
				GCC_OPTIMIZATION_LEVEL = 0;
				GCC_PREPROCESSOR_DEFINITIONS = (
					"DEBUG=1",
					"$(inherited)",
				);
				GCC_WARN_64_TO_32_BIT_CONVERSION = YES;
				GCC_WARN_ABOUT_RETURN_TYPE = YES_ERROR;
				GCC_WARN_UNDECLARED_SELECTOR = YES;
				GCC_WARN_UNINITIALIZED_AUTOS = YES_AGGRESSIVE;
				GCC_WARN_UNUSED_FUNCTION = YES;
				GCC_WARN_UNUSED_VARIABLE = YES;
				IPHONEOS_DEPLOYMENT_TARGET = 9.2;
				MTL_ENABLE_DEBUG_INFO = YES;
				ONLY_ACTIVE_ARCH = YES;
				SDKROOT = iphoneos;
				TARGETED_DEVICE_FAMILY = "1,2";
			};
			name = Debug;
		};
		4533BD451C4CB91C0027DC37 /* Release */ = {
			isa = XCBuildConfiguration;
			buildSettings = {
				ALWAYS_SEARCH_USER_PATHS = NO;
				CLANG_CXX_LANGUAGE_STANDARD = "gnu++0x";
				CLANG_CXX_LIBRARY = "libc++";
				CLANG_ENABLE_MODULES = YES;
				CLANG_ENABLE_OBJC_ARC = YES;
				CLANG_WARN_BOOL_CONVERSION = YES;
				CLANG_WARN_CONSTANT_CONVERSION = YES;
				CLANG_WARN_DIRECT_OBJC_ISA_USAGE = YES_ERROR;
				CLANG_WARN_EMPTY_BODY = YES;
				CLANG_WARN_ENUM_CONVERSION = YES;
				CLANG_WARN_INT_CONVERSION = YES;
				CLANG_WARN_OBJC_ROOT_CLASS = YES_ERROR;
				CLANG_WARN_UNREACHABLE_CODE = YES;
				CLANG_WARN__DUPLICATE_METHOD_MATCH = YES;
				"CODE_SIGN_IDENTITY[sdk=iphoneos*]" = "iPhone Developer";
				COPY_PHASE_STRIP = NO;
				DEBUG_INFORMATION_FORMAT = "dwarf-with-dsym";
				ENABLE_NS_ASSERTIONS = NO;
				ENABLE_STRICT_OBJC_MSGSEND = YES;
				GCC_C_LANGUAGE_STANDARD = gnu99;
				GCC_NO_COMMON_BLOCKS = YES;
				GCC_WARN_64_TO_32_BIT_CONVERSION = YES;
				GCC_WARN_ABOUT_RETURN_TYPE = YES_ERROR;
				GCC_WARN_UNDECLARED_SELECTOR = YES;
				GCC_WARN_UNINITIALIZED_AUTOS = YES_AGGRESSIVE;
				GCC_WARN_UNUSED_FUNCTION = YES;
				GCC_WARN_UNUSED_VARIABLE = YES;
				IPHONEOS_DEPLOYMENT_TARGET = 9.2;
				MTL_ENABLE_DEBUG_INFO = NO;
				SDKROOT = iphoneos;
				TARGETED_DEVICE_FAMILY = "1,2";
				VALIDATE_PRODUCT = YES;
			};
			name = Release;
		};
		4533BD471C4CB91C0027DC37 /* Debug */ = {
			isa = XCBuildConfiguration;
			buildSettings = {
				ASSETCATALOG_COMPILER_APPICON_NAME = AppIcon;
				INFOPLIST_FILE = SimpleCoreData/Info.plist;
				LD_RUNPATH_SEARCH_PATHS = "$(inherited) @executable_path/Frameworks";
				PRODUCT_BUNDLE_IDENTIFIER = DK.CoreData.SimpleCoreData;
				PRODUCT_NAME = "$(TARGET_NAME)";
			};
			name = Debug;
		};
		4533BD481C4CB91C0027DC37 /* Release */ = {
			isa = XCBuildConfiguration;
			buildSettings = {
				ASSETCATALOG_COMPILER_APPICON_NAME = AppIcon;
				INFOPLIST_FILE = SimpleCoreData/Info.plist;
				LD_RUNPATH_SEARCH_PATHS = "$(inherited) @executable_path/Frameworks";
				PRODUCT_BUNDLE_IDENTIFIER = DK.CoreData.SimpleCoreData;
				PRODUCT_NAME = "$(TARGET_NAME)";
			};
			name = Release;
		};
/* End XCBuildConfiguration section */

/* Begin XCConfigurationList section */
		4533BD271C4CB91C0027DC37 /* Build configuration list for PBXProject "SimpleCoreData" */ = {
			isa = XCConfigurationList;
			buildConfigurations = (
				4533BD441C4CB91C0027DC37 /* Debug */,
				4533BD451C4CB91C0027DC37 /* Release */,
			);
			defaultConfigurationIsVisible = 0;
			defaultConfigurationName = Release;
		};
		4533BD461C4CB91C0027DC37 /* Build configuration list for PBXNativeTarget "SimpleCoreData" */ = {
			isa = XCConfigurationList;
			buildConfigurations = (
				4533BD471C4CB91C0027DC37 /* Debug */,
				4533BD481C4CB91C0027DC37 /* Release */,
			);
			defaultConfigurationIsVisible = 0;
		};
/* End XCConfigurationList section */

/* Begin XCVersionGroup section */
		4533BD3B1C4CB91C0027DC37 /* SimpleCoreData.xcdatamodeld */ = {
			isa = XCVersionGroup;
			children = (
				4533BD3C1C4CB91C0027DC37 /* SimpleCoreData.xcdatamodel */,
			);
			currentVersion = 4533BD3C1C4CB91C0027DC37 /* SimpleCoreData.xcdatamodel */;
			path = SimpleCoreData.xcdatamodeld;
			sourceTree = "<group>";
			versionGroupType = wrapper.xcdatamodel;
		};
/* End XCVersionGroup section */
	};
	rootObject = 4533BD241C4CB91C0027DC37 /* Project object */;
}
